
Microsoft Visual Studio Solution File, Format Version 12.00
# Visual Studio Version 17
VisualStudioVersion = 17.5.33414.496
MinimumVisualStudioVersion = 10.0.40219.1
Project("{FAE04EC0-301F-11D3-BF4B-00C04F79EFBC}") = "es", "es\es.csproj", "{C6B48843-F660-4513-AD2B-492DC4BDA412}"
EndProject
Global
	GlobalSection(SolutionConfigurationPlatforms) = preSolution
		Debug|Any CPU = Debug|Any CPU
		Release|Any CPU = Release|Any CPU
	EndGlobalSection
	GlobalSection(ProjectConfigurationPlatforms) = postSolution
		{C6B48843-F660-4513-AD2B-492DC4BDA412}.Debug|Any CPU.ActiveCfg = Debug|Any CPU
		{C6B48843-F660-4513-AD2B-492DC4BDA412}.Debug|Any CPU.Build.0 = Debug|Any CPU
		{C6B48843-F660-4513-AD2B-492DC4BDA412}.Release|Any CPU.ActiveCfg = Release|Any CPU
		{C6B48843-F660-4513-AD2B-492DC4BDA412}.Release|Any CPU.Build.0 = Release|Any CPU
	EndGlobalSection
	GlobalSection(SolutionProperties) = preSolution
		HideSolutionNode = FALSE
	EndGlobalSection
	GlobalSection(ExtensibilityGlobals) = postSolution
		SolutionGuid = {FDCC8925-1897-4660-8D1F-67EC94CCB26F}
	EndGlobalSection
EndGlobal
